{
  "name": "claudex-local-bridge",
  "version": "0.1.0",
  "lockfileVersion": 3,
  "requires": true,
  "packages": {
    "": {
      "name": "claudex-local-bridge",
      "version": "0.1.0",
      "dependencies": {
        "txcript": "0.14.4"
      },
      "engines": {
        "node": ">=22"
      }
    },
    "node_modules/txcript": {
      "version": "0.14.4",
      "resolved": "https://registry.npmjs.org/txcript/-/txcript-0.14.4.tgz",
      "integrity": "sha512-ETa19Sb6I0NT89hnUz+3y9Oodlz0SgSmhlbIb8u2ViFqfmA/NLlk2equpPQBcRYTdmhK4wUsMobAFhmyU2nTkQ==",
      "license": "Apache-2.0"
    }
  }
}
